// !$*UTF8*$!
{
	archiveVersion = 1;
	classes = {
	};
	objectVersion = 46;
	objects = {

/* Begin PBXBuildFile section */
		9CAC98D71C87644400110713 /* AppDelegate.swift in Sources */ = {isa = PBXBuildFile; fileRef = 9CAC98D61C87644400110713 /* AppDelegate.swift */; };
		9CAC98D91C87644400110713 /* ViewController.swift in Sources */ = {isa = PBXBuildFile; fileRef = 9CAC98D81C87644400110713 /* ViewController.swift */; };
		9CAC98DC1C87644400110713 /* Main.storyboard in Resources */ = {isa = PBXBuildFile; fileRef = 9CAC98DA1C87644400110713 /* Main.storyboard */; };
		9CAC98DE1C87644400110713 /* Assets.xcassets in Resources */ = {isa = PBXBuildFile; fileRef = 9CAC98DD1C87644400110713 /* Assets.xcassets */; };
		9CAC98E11C87644400110713 /* LaunchScreen.storyboard in Resources */ = {isa = PBXBuildFile; fileRef = 9CAC98DF1C87644400110713 /* LaunchScreen.storyboard */; };
		9CAC98EC1C87644400110713 /* swiftTests.swift in Sources */ = {isa = PBXBuildFile; fileRef = 9CAC98EB1C87644400110713 /* swiftTests.swift */; };
		9CAC98F71C87644400110713 /* swiftUITests.swift in Sources */ = {isa = PBXBuildFile; fileRef = 9CAC98F61C87644400110713 /* swiftUITests.swift */; };
		BFFA48F1B63AC9D3F8041D50 /* Pods_swift.framework in Frameworks */ = {isa = PBXBuildFile; fileRef = A28B03A9666943282F394AD5 /* Pods_swift.framework */; };
/* End PBXBuildFile section */

/* Begin PBXContainerItemProxy section */
		9CAC98E81C87644400110713 /* PBXContainerItemProxy */ = {
			isa = PBXContainerItemProxy;
			containerPortal = 9CAC98CB1C87644400110713 /* Project object */;
			proxyType = 1;
			remoteGlobalIDString = 9CAC98D21C87644400110713;
			remoteInfo = swift;
		};
		9CAC98F31C87644400110713 /* PBXContainerItemProxy */ = {
			isa = PBXContainerItemProxy;
			containerPortal = 9CAC98CB1C87644400110713 /* Project object */;
			proxyType = 1;
			remoteGlobalIDString = 9CAC98D21C87644400110713;
			remoteInfo = swift;
		};
/* End PBXContainerItemProxy section */

/* Begin PBXFileReference section */
		209C82A000F63B95BDBF8A56 /* Pods-swift.debug.xcconfig */ = {isa = PBXFileReference; includeInIndex = 1; lastKnownFileType = text.xcconfig; name = "Pods-swift.debug.xcconfig"; path = "Pods/Target Support Files/Pods-swift/Pods-swift.debug.xcconfig"; sourceTree = "<group>"; };
		9CAC98D31C87644400110713 /* swift.app */ = {isa = PBXFileReference; explicitFileType = wrapper.application; includeInIndex = 0; path = swift.app; sourceTree = BUILT_PRODUCTS_DIR; };
		9CAC98D61C87644400110713 /* AppDelegate.swift */ = {isa = PBXFileReference; lastKnownFileType = sourcecode.swift; path = AppDelegate.swift; sourceTree = "<group>"; };
		9CAC98D81C87644400110713 /* ViewController.swift */ = {isa = PBXFileReference; lastKnownFileType = sourcecode.swift; path = ViewController.swift; sourceTree = "<group>"; };
		9CAC98DB1C87644400110713 /* Base */ = {isa = PBXFileReference; lastKnownFileType = file.storyboard; name = Base; path = Base.lproj/Main.storyboard; sourceTree = "<group>"; };
		9CAC98DD1C87644400110713 /* Assets.xcassets */ = {isa = PBXFileReference; lastKnownFileType = folder.assetcatalog; path = Assets.xcassets; sourceTree = "<group>"; };
		9CAC98E01C87644400110713 /* Base */ = {isa = PBXFileReference; lastKnownFileType = file.storyboard; name = Base; path = Base.lproj/LaunchScreen.storyboard; sourceTree = "<group>"; };
		9CAC98E21C87644400110713 /* Info.plist */ = {isa = PBXFileReference; lastKnownFileType = text.plist.xml; path = Info.plist; sourceTree = "<group>"; };
		9CAC98E71C87644400110713 /* swiftTests.xctest */ = {isa = PBXFileReference; explicitFileType = wrapper.cfbundle; includeInIndex = 0; path = swiftTests.xctest; sourceTree = BUILT_PRODUCTS_DIR; };
		9CAC98EB1C87644400110713 /* swiftTests.swift */ = {isa = PBXFileReference; lastKnownFileType = sourcecode.swift; path = swiftTests.swift; sourceTree = "<group>"; };
		9CAC98ED1C87644400110713 /* Info.plist */ = {isa = PBXFileReference; lastKnownFileType = text.plist.xml; path = Info.plist; sourceTree = "<group>"; };
		9CAC98F21C87644400110713 /* swiftUITests.xctest */ = {isa = PBXFileReference; explicitFileType = wrapper.cfbundle; includeInIndex = 0; path = swiftUITests.xctest; sourceTree = BUILT_PRODUCTS_DIR; };
		9CAC98F61C87644400110713 /* swiftUITests.swift */ = {isa = PBXFileReference; lastKnownFileType = sourcecode.swift; path = swiftUITests.swift; sourceTree = "<group>"; };
		9CAC98F81C87644400110713 /* Info.plist */ = {isa = PBXFileReference; lastKnownFileType = text.plist.xml; path = Info.plist; sourceTree = "<group>"; };
		A28B03A9666943282F394AD5 /* Pods_swift.framework */ = {isa = PBXFileReference; explicitFileType = wrapper.framework; includeInIndex = 0; path = Pods_swift.framework; sourceTree = BUILT_PRODUCTS_DIR; };
		E06849519DB6F01E3293C966 /* Pods-swift.release.xcconfig */ = {isa = PBXFileReference; includeInIndex = 1; lastKnownFileType = text.xcconfig; name = "Pods-swift.release.xcconfig"; path = "Pods/Target Support Files/Pods-swift/Pods-swift.release.xcconfig"; sourceTree = "<group>"; };
/* End PBXFileReference section */

/* Begin PBXFrameworksBuildPhase section */
		9CAC98D01C87644400110713 /* Frameworks */ = {
			isa = PBXFrameworksBuildPhase;
			buildActionMask = 2147483647;
			files = (
				BFFA48F1B63AC9D3F8041D50 /* Pods_swift.framework in Frameworks */,
			);
			runOnlyForDeploymentPostprocessing = 0;
		};
		9CAC98E41C87644400110713 /* Frameworks */ = {
			isa = PBXFrameworksBuildPhase;
			buildActionMask = 2147483647;
			files = (
			);
			runOnlyForDeploymentPostprocessing = 0;
		};
		9CAC98EF1C87644400110713 /* Frameworks */ = {
			isa = PBXFrameworksBuildPhase;
			buildActionMask = 2147483647;
			files = (
			);
			runOnlyForDeploymentPostprocessing = 0;
		};
/* End PBXFrameworksBuildPhase section */

/* Begin PBXGroup section */
		208EA5107A6E690996D68B7E /* Pods */ = {
			isa = PBXGroup;
			children = (
				209C82A000F63B95BDBF8A56 /* Pods-swift.debug.xcconfig */,
				E06849519DB6F01E3293C966 /* Pods-swift.release.xcconfig */,
			);
			name = Pods;
			sourceTree = "<group>";
		};
		9CAC98CA1C87644400110713 = {
			isa = PBXGroup;
			children = (
				9CAC98D51C87644400110713 /* swift */,
				9CAC98EA1C87644400110713 /* swiftTests */,
				9CAC98F51C87644400110713 /* swiftUITests */,
				9CAC98D41C87644400110713 /* Products */,
				208EA5107A6E690996D68B7E /* Pods */,
				BA67CE1362F409BC8619D840 /* Frameworks */,
			);
			sourceTree = "<group>";
		};
		9CAC98D41C87644400110713 /* Products */ = {
			isa = PBXGroup;
			children = (
				9CAC98D31C87644400110713 /* swift.app */,
				9CAC98E71C87644400110713 /* swiftTests.xctest */,
				9CAC98F21C87644400110713 /* swiftUITests.xctest */,
			);
			name = Products;
			sourceTree = "<group>";
		};
		9CAC98D51C87644400110713 /* swift */ = {
			isa = PBXGroup;
			children = (
				9CAC98D61C87644400110713 /* AppDelegate.swift */,
				9CAC98D81C87644400110713 /* ViewController.swift */,
				9CAC98DA1C87644400110713 /* Main.storyboard */,
				9CAC98DD1C87644400110713 /* Assets.xcassets */,
				9CAC98DF1C87644400110713 /* LaunchScreen.storyboard */,
				9CAC98E21C87644400110713 /* Info.plist */,
			);
			path = swift;
			sourceTree = "<group>";
		};
		9CAC98EA1C87644400110713 /* swiftTests */ = {
			isa = PBXGroup;
			children = (
				9CAC98EB1C87644400110713 /* swiftTests.swift */,
				9CAC98ED1C87644400110713 /* Info.plist */,
			);
			path = swiftTests;
			sourceTree = "<group>";
		};
		9CAC98F51C87644400110713 /* swiftUITests */ = {
			isa = PBXGroup;
			children = (
				9CAC98F61C87644400110713 /* swiftUITests.swift */,
				9CAC98F81C87644400110713 /* Info.plist */,
			);
			path = swiftUITests;
			sourceTree = "<group>";
		};
		BA67CE1362F409BC8619D840 /* Frameworks */ = {
			isa = PBXGroup;
			children = (
				A28B03A9666943282F394AD5 /* Pods_swift.framework */,
			);
			name = Frameworks;
			sourceTree = "<group>";
		};
/* End PBXGroup section */

/* Begin PBXNativeTarget section */
		9CAC98D21C87644400110713 /* swift */ = {
			isa = PBXNativeTarget;
			buildConfigurationList = 9CAC98FB1C87644500110713 /* Build configuration list for PBXNativeTarget "swift" */;
			buildPhases = (
				0BC4B819ED86A1D748D70EED /* Check Pods Manifest.lock */,
				9CAC98CF1C87644400110713 /* Sources */,
				9CAC98D01C87644400110713 /* Frameworks */,
				9CAC98D11C87644400110713 /* Resources */,
				26B1FE8DEC37B516329DF4DB /* Embed Pods Frameworks */,
				724E1F57FEEBC7623D2AE84B /* Copy Pods Resources */,
			);
			buildRules = (
			);
			dependencies = (
			);
			name = swift;
			productName = swift;
			productReference = 9CAC98D31C87644400110713 /* swift.app */;
			productType = "com.apple.product-type.application";
		};
		9CAC98E61C87644400110713 /* swiftTests */ = {
			isa = PBXNativeTarget;
			buildConfigurationList = 9CAC98FE1C87644500110713 /* Build configuration list for PBXNativeTarget "swiftTests" */;
			buildPhases = (
				9CAC98E31C87644400110713 /* Sources */,
				9CAC98E41C87644400110713 /* Frameworks */,
				9CAC98E51C87644400110713 /* Resources */,
			);
			buildRules = (
			);
			dependencies = (
				9CAC98E91C87644400110713 /* PBXTargetDependency */,
			);
			name = swiftTests;
			productName = swiftTests;
			productReference = 9CAC98E71C87644400110713 /* swiftTests.xctest */;
			productType = "com.apple.product-type.bundle.unit-test";
		};
		9CAC98F11C87644400110713 /* swiftUITests */ = {
			isa = PBXNativeTarget;
			buildConfigurationList = 9CAC99011C87644500110713 /* Build configuration list for PBXNativeTarget "swiftUITests" */;
			buildPhases = (
				9CAC98EE1C87644400110713 /* Sources */,
				9CAC98EF1C87644400110713 /* Frameworks */,
				9CAC98F01C87644400110713 /* Resources */,
			);
			buildRules = (
			);
			dependencies = (
				9CAC98F41C87644400110713 /* PBXTargetDependency */,
			);
			name = swiftUITests;
			productName = swiftUITests;
			productReference = 9CAC98F21C87644400110713 /* swiftUITests.xctest */;
			productType = "com.apple.product-type.bundle.ui-testing";
		};
/* End PBXNativeTarget section */

/* Begin PBXProject section */
		9CAC98CB1C87644400110713 /* Project object */ = {
			isa = PBXProject;
			attributes = {
				LastSwiftUpdateCheck = 0720;
				LastUpgradeCheck = 0720;
				ORGANIZATIONNAME = "Osama Alghanmi";
				TargetAttributes = {
					9CAC98D21C87644400110713 = {
						CreatedOnToolsVersion = 7.2;
					};
					9CAC98E61C87644400110713 = {
						CreatedOnToolsVersion = 7.2;
						TestTargetID = 9CAC98D21C87644400110713;
					};
					9CAC98F11C87644400110713 = {
						CreatedOnToolsVersion = 7.2;
						TestTargetID = 9CAC98D21C87644400110713;
					};
				};
			};
			buildConfigurationList = 9CAC98CE1C87644400110713 /* Build configuration list for PBXProject "swift" */;
			compatibilityVersion = "Xcode 3.2";
			developmentRegion = English;
			hasScannedForEncodings = 0;
			knownRegions = (
				en,
				Base,
			);
			mainGroup = 9CAC98CA1C87644400110713;
			productRefGroup = 9CAC98D41C87644400110713 /* Products */;
			projectDirPath = "";
			projectRoot = "";
			targets = (
				9CAC98D21C87644400110713 /* swift */,
				9CAC98E61C87644400110713 /* swiftTests */,
				9CAC98F11C87644400110713 /* swiftUITests */,
			);
		};
/* End PBXProject section */

/* Begin PBXResourcesBuildPhase section */
		9CAC98D11C87644400110713 /* Resources */ = {
			isa = PBXResourcesBuildPhase;
			buildActionMask = 2147483647;
			files = (
				9CAC98E11C87644400110713 /* LaunchScreen.storyboard in Resources */,
				9CAC98DE1C87644400110713 /* Assets.xcassets in Resources */,
				9CAC98DC1C87644400110713 /* Main.storyboard in Resources */,
			);
			runOnlyForDeploymentPostprocessing = 0;
		};
		9CAC98E51C87644400110713 /* Resources */ = {
			isa = PBXResourcesBuildPhase;
			buildActionMask = 2147483647;
			files = (
			);
			runOnlyForDeploymentPostprocessing = 0;
		};
		9CAC98F01C87644400110713 /* Resources */ = {
			isa = PBXResourcesBuildPhase;
			buildActionMask = 2147483647;
			files = (
			);
			runOnlyForDeploymentPostprocessing = 0;
		};
/* End PBXResourcesBuildPhase section */

/* Begin PBXShellScriptBuildPhase section */
		0BC4B819ED86A1D748D70EED /* Check Pods Manifest.lock */ = {
			isa = PBXShellScriptBuildPhase;
			buildActionMask = 2147483647;
			files = (
			);
			inputPaths = (
			);
			name = "Check Pods Manifest.lock";
			outputPaths = (
			);
			runOnlyForDeploymentPostprocessing = 0;
			shellPath = /bin/sh;
			shellScript = "diff \"${PODS_ROOT}/../Podfile.lock\" \"${PODS_ROOT}/Manifest.lock\" > /dev/null\nif [[ $? != 0 ]] ; then\n    cat << EOM\nerror: The sandbox is not in sync with the Podfile.lock. Run 'pod install' or update your CocoaPods installation.\nEOM\n    exit 1\nfi\n";
			showEnvVarsInLog = 0;
		};
		26B1FE8DEC37B516329DF4DB /* Embed Pods Frameworks */ = {
			isa = PBXShellScriptBuildPhase;
			buildActionMask = 2147483647;
			files = (
			);
			inputPaths = (
			);
			name = "Embed Pods Frameworks";
			outputPaths = (
			);
			runOnlyForDeploymentPostprocessing = 0;
			shellPath = /bin/sh;
			shellScript = "\"${SRCROOT}/Pods/Target Support Files/Pods-swift/Pods-swift-frameworks.sh\"\n";
			showEnvVarsInLog = 0;
		};
		724E1F57FEEBC7623D2AE84B /* Copy Pods Resources */ = {
			isa = PBXShellScriptBuildPhase;
			buildActionMask = 2147483647;
			files = (
			);
			inputPaths = (
			);
			name = "Copy Pods Resources";
			outputPaths = (
			);
			runOnlyForDeploymentPostprocessing = 0;
			shellPath = /bin/sh;
			shellScript = "\"${SRCROOT}/Pods/Target Support Files/Pods-swift/Pods-swift-resources.sh\"\n";
			showEnvVarsInLog = 0;
		};
/* End PBXShellScriptBuildPhase section */

/* Begin PBXSourcesBuildPhase section */
		9CAC98CF1C87644400110713 /* Sources */ = {
			isa = PBXSourcesBuildPhase;
			buildActionMask = 2147483647;
			files = (
				9CAC98D91C87644400110713 /* ViewController.swift in Sources */,
				9CAC98D71C87644400110713 /* AppDelegate.swift in Sources */,
			);
			runOnlyForDeploymentPostprocessing = 0;
		};
		9CAC98E31C87644400110713 /* Sources */ = {
			isa = PBXSourcesBuildPhase;
			buildActionMask = 2147483647;
			files = (
				9CAC98EC1C87644400110713 /* swiftTests.swift in Sources */,
			);
			runOnlyForDeploymentPostprocessing = 0;
		};
		9CAC98EE1C87644400110713 /* Sources */ = {
			isa = PBXSourcesBuildPhase;
			buildActionMask = 2147483647;
			files = (
				9CAC98F71C87644400110713 /* swiftUITests.swift in Sources */,
			);
			runOnlyForDeploymentPostprocessing = 0;
		};
/* End PBXSourcesBuildPhase section */

/* Begin PBXTargetDependency section */
		9CAC98E91C87644400110713 /* PBXTargetDependency */ = {
			isa = PBXTargetDependency;
			target = 9CAC98D21C87644400110713 /* swift */;
			targetProxy = 9CAC98E81C87644400110713 /* PBXContainerItemProxy */;
		};
		9CAC98F41C87644400110713 /* PBXTargetDependency */ = {
			isa = PBXTargetDependency;
			target = 9CAC98D21C87644400110713 /* swift */;
			targetProxy = 9CAC98F31C87644400110713 /* PBXContainerItemProxy */;
		};
/* End PBXTargetDependency section */

/* Begin PBXVariantGroup section */
		9CAC98DA1C87644400110713 /* Main.storyboard */ = {
			isa = PBXVariantGroup;
			children = (
				9CAC98DB1C87644400110713 /* Base */,
			);
			name = Main.storyboard;
			sourceTree = "<group>";
		};
		9CAC98DF1C87644400110713 /* LaunchScreen.storyboard */ = {
			isa = PBXVariantGroup;
			children = (
				9CAC98E01C87644400110713 /* Base */,
			);
			name = LaunchScreen.storyboard;
			sourceTree = "<group>";
		};
/* End PBXVariantGroup section */

/* Begin XCBuildConfiguration section */
		9CAC98F91C87644500110713 /* Debug */ = {
			isa = XCBuildConfiguration;
			buildSettings = {
				ALWAYS_SEARCH_USER_PATHS = NO;
				CLANG_CXX_LANGUAGE_STANDARD = "gnu++0x";
				CLANG_CXX_LIBRARY = "libc++";
				CLANG_ENABLE_MODULES = YES;
				CLANG_ENABLE_OBJC_ARC = YES;
				CLANG_WARN_BOOL_CONVERSION = YES;
				CLANG_WARN_CONSTANT_CONVERSION = YES;
				CLANG_WARN_DIRECT_OBJC_ISA_USAGE = YES_ERROR;
				CLANG_WARN_EMPTY_BODY = YES;
				CLANG_WARN_ENUM_CONVERSION = YES;
				CLANG_WARN_INT_CONVERSION = YES;
				CLANG_WARN_OBJC_ROOT_CLASS = YES_ERROR;
				CLANG_WARN_UNREACHABLE_CODE = YES;
				CLANG_WARN__DUPLICATE_METHOD_MATCH = YES;
				"CODE_SIGN_IDENTITY[sdk=iphoneos*]" = "iPhone Developer";
				COPY_PHASE_STRIP = NO;
				DEBUG_INFORMATION_FORMAT = dwarf;
				ENABLE_STRICT_OBJC_MSGSEND = YES;
				ENABLE_TESTABILITY = YES;
				GCC_C_LANGUAGE_STANDARD = gnu99;
				GCC_DYNAMIC_NO_PIC = NO;
				GCC_NO_COMMON_BLOCKS = YES;
				GCC_OPTIMIZATION_LEVEL = 0;
				GCC_PREPROCESSOR_DEFINITIONS = (
					"DEBUG=1",
					"$(inherited)",
				);
				GCC_WARN_64_TO_32_BIT_CONVERSION = YES;
				GCC_WARN_ABOUT_RETURN_TYPE = YES_ERROR;
				GCC_WARN_UNDECLARED_SELECTOR = YES;
				GCC_WARN_UNINITIALIZED_AUTOS = YES_AGGRESSIVE;
				GCC_WARN_UNUSED_FUNCTION = YES;
				GCC_WARN_UNUSED_VARIABLE = YES;
				IPHONEOS_DEPLOYMENT_TARGET = 9.2;
				MTL_ENABLE_DEBUG_INFO = YES;
				ONLY_ACTIVE_ARCH = YES;
				SDKROOT = iphoneos;
				SWIFT_OPTIMIZATION_LEVEL = "-Onone";
				TARGETED_DEVICE_FAMILY = "1,2";
			};
			name = Debug;
		};
		9CAC98FA1C87644500110713 /* Release */ = {
			isa = XCBuildConfiguration;
			buildSettings = {
				ALWAYS_SEARCH_USER_PATHS = NO;
				CLANG_CXX_LANGUAGE_STANDARD = "gnu++0x";
				CLANG_CXX_LIBRARY = "libc++";
				CLANG_ENABLE_MODULES = YES;
				CLANG_ENABLE_OBJC_ARC = YES;
				CLANG_WARN_BOOL_CONVERSION = YES;
				CLANG_WARN_CONSTANT_CONVERSION = YES;
				CLANG_WARN_DIRECT_OBJC_ISA_USAGE = YES_ERROR;
				CLANG_WARN_EMPTY_BODY = YES;
				CLANG_WARN_ENUM_CONVERSION = YES;
				CLANG_WARN_INT_CONVERSION = YES;
				CLANG_WARN_OBJC_ROOT_CLASS = YES_ERROR;
				CLANG_WARN_UNREACHABLE_CODE = YES;
				CLANG_WARN__DUPLICATE_METHOD_MATCH = YES;
				"CODE_SIGN_IDENTITY[sdk=iphoneos*]" = "iPhone Developer";
				COPY_PHASE_STRIP = NO;
				DEBUG_INFORMATION_FORMAT = "dwarf-with-dsym";
				ENABLE_NS_ASSERTIONS = NO;
				ENABLE_STRICT_OBJC_MSGSEND = YES;
				GCC_C_LANGUAGE_STANDARD = gnu99;
				GCC_NO_COMMON_BLOCKS = YES;
				GCC_WARN_64_TO_32_BIT_CONVERSION = YES;
				GCC_WARN_ABOUT_RETURN_TYPE = YES_ERROR;
				GCC_WARN_UNDECLARED_SELECTOR = YES;
				GCC_WARN_UNINITIALIZED_AUTOS = YES_AGGRESSIVE;
				GCC_WARN_UNUSED_FUNCTION = YES;
				GCC_WARN_UNUSED_VARIABLE = YES;
				IPHONEOS_DEPLOYMENT_TARGET = 9.2;
				MTL_ENABLE_DEBUG_INFO = NO;
				SDKROOT = iphoneos;
				TARGETED_DEVICE_FAMILY = "1,2";
				VALIDATE_PRODUCT = YES;
			};
			name = Release;
		};
		9CAC98FC1C87644500110713 /* Debug */ = {
			isa = XCBuildConfiguration;
			baseConfigurationReference = 209C82A000F63B95BDBF8A56 /* Pods-swift.debug.xcconfig */;
			buildSettings = {
				ASSETCATALOG_COMPILER_APPICON_NAME = AppIcon;
				INFOPLIST_FILE = swift/Info.plist;
				LD_RUNPATH_SEARCH_PATHS = "$(inherited) @executable_path/Frameworks";
				PRODUCT_BUNDLE_IDENTIFIER = itechdom.swift;
				PRODUCT_NAME = "$(TARGET_NAME)";
			};
			name = Debug;
		};
		9CAC98FD1C87644500110713 /* Release */ = {
			isa = XCBuildConfiguration;
			baseConfigurationReference = E06849519DB6F01E3293C966 /* Pods-swift.release.xcconfig */;
			buildSettings = {
				ASSETCATALOG_COMPILER_APPICON_NAME = AppIcon;
				INFOPLIST_FILE = swift/Info.plist;
				LD_RUNPATH_SEARCH_PATHS = "$(inherited) @executable_path/Frameworks";
				PRODUCT_BUNDLE_IDENTIFIER = itechdom.swift;
				PRODUCT_NAME = "$(TARGET_NAME)";
			};
			name = Release;
		};
		9CAC98FF1C87644500110713 /* Debug */ = {
			isa = XCBuildConfiguration;
			buildSettings = {
				BUNDLE_LOADER = "$(TEST_HOST)";
				INFOPLIST_FILE = swiftTests/Info.plist;
				LD_RUNPATH_SEARCH_PATHS = "$(inherited) @executable_path/Frameworks @loader_path/Frameworks";
				PRODUCT_BUNDLE_IDENTIFIER = itechdom.swiftTests;
				PRODUCT_NAME = "$(TARGET_NAME)";
				TEST_HOST = "$(BUILT_PRODUCTS_DIR)/swift.app/swift";
			};
			name = Debug;
		};
		9CAC99001C87644500110713 /* Release */ = {
			isa = XCBuildConfiguration;
			buildSettings = {
				BUNDLE_LOADER = "$(TEST_HOST)";
				INFOPLIST_FILE = swiftTests/Info.plist;
				LD_RUNPATH_SEARCH_PATHS = "$(inherited) @executable_path/Frameworks @loader_path/Frameworks";
				PRODUCT_BUNDLE_IDENTIFIER = itechdom.swiftTests;
				PRODUCT_NAME = "$(TARGET_NAME)";
				TEST_HOST = "$(BUILT_PRODUCTS_DIR)/swift.app/swift";
			};
			name = Release;
		};
		9CAC99021C87644500110713 /* Debug */ = {
			isa = XCBuildConfiguration;
			buildSettings = {
				INFOPLIST_FILE = swiftUITests/Info.plist;
				LD_RUNPATH_SEARCH_PATHS = "$(inherited) @executable_path/Frameworks @loader_path/Frameworks";
				PRODUCT_BUNDLE_IDENTIFIER = itechdom.swiftUITests;
				PRODUCT_NAME = "$(TARGET_NAME)";
				TEST_TARGET_NAME = swift;
				USES_XCTRUNNER = YES;
			};
			name = Debug;
		};
		9CAC99031C87644500110713 /* Release */ = {
			isa = XCBuildConfiguration;
			buildSettings = {
				INFOPLIST_FILE = swiftUITests/Info.plist;
				LD_RUNPATH_SEARCH_PATHS = "$(inherited) @executable_path/Frameworks @loader_path/Frameworks";
				PRODUCT_BUNDLE_IDENTIFIER = itechdom.swiftUITests;
				PRODUCT_NAME = "$(TARGET_NAME)";
				TEST_TARGET_NAME = swift;
				USES_XCTRUNNER = YES;
			};
			name = Release;
		};
/* End XCBuildConfiguration section */

/* Begin XCConfigurationList section */
		9CAC98CE1C87644400110713 /* Build configuration list for PBXProject "swift" */ = {
			isa = XCConfigurationList;
			buildConfigurations = (
				9CAC98F91C87644500110713 /* Debug */,
				9CAC98FA1C87644500110713 /* Release */,
			);
			defaultConfigurationIsVisible = 0;
			defaultConfigurationName = Release;
		};
		9CAC98FB1C87644500110713 /* Build configuration list for PBXNativeTarget "swift" */ = {
			isa = XCConfigurationList;
			buildConfigurations = (
				9CAC98FC1C87644500110713 /* Debug */,
				9CAC98FD1C87644500110713 /* Release */,
			);
			defaultConfigurationIsVisible = 0;
			defaultConfigurationName = Release;
		};
		9CAC98FE1C87644500110713 /* Build configuration list for PBXNativeTarget "swiftTests" */ = {
			isa = XCConfigurationList;
			buildConfigurations = (
				9CAC98FF1C87644500110713 /* Debug */,
				9CAC99001C87644500110713 /* Release */,
			);
			defaultConfigurationIsVisible = 0;
			defaultConfigurationName = Release;
		};
		9CAC99011C87644500110713 /* Build configuration list for PBXNativeTarget "swiftUITests" */ = {
			isa = XCConfigurationList;
			buildConfigurations = (
				9CAC99021C87644500110713 /* Debug */,
				9CAC99031C87644500110713 /* Release */,
			);
			defaultConfigurationIsVisible = 0;
			defaultConfigurationName = Release;
		};
/* End XCConfigurationList section */
	};
	rootObject = 9CAC98CB1C87644400110713 /* Project object */;
}
